
Microsoft Visual Studio Solution File, Format Version 12.00
# Visual Studio 15
VisualStudioVersion = 15.0.26430.6
MinimumVisualStudioVersion = 10.0.40219.1
Project("{FAE04EC0-301F-11D3-BF4B-00C04F79EFBC}") = "braintionary", "braintionary\braintionary.csproj", "{42484AC1-BA21-47BF-8569-4EDDE4938A9F}"
EndProject
Global
	GlobalSection(SolutionConfigurationPlatforms) = preSolution
		Debug|Any CPU = Debug|Any CPU
		Release|Any CPU = Release|Any CPU
	EndGlobalSection
	GlobalSection(ProjectConfigurationPlatforms) = postSolution
		{42484AC1-BA21-47BF-8569-4EDDE4938A9F}.Debug|Any CPU.ActiveCfg = Debug|Any CPU
		{42484AC1-BA21-47BF-8569-4EDDE4938A9F}.Debug|Any CPU.Build.0 = Debug|Any CPU
		{42484AC1-BA21-47BF-8569-4EDDE4938A9F}.Release|Any CPU.ActiveCfg = Release|Any CPU
		{42484AC1-BA21-47BF-8569-4EDDE4938A9F}.Release|Any CPU.Build.0 = Release|Any CPU
	EndGlobalSection
	GlobalSection(SolutionProperties) = preSolution
		HideSolutionNode = FALSE
	EndGlobalSection
EndGlobal
